absl-py==2.5.0 --hash=sha256:0f17b89f2a4eaaedc4f28c622998aa690564b3012a396a4ffad0821007fe03ba
aiofiles==25.1.0 --hash=sha256:abe311e527c862958650f9438e859c1fa7568a141b22abcd015e120e86a85695
chex==0.1.92 --hash=sha256:f34989d9bff7954edfab09fba7757e3d62404da34577bff0d253599ec5b4f93d
etils==1.14.0 --hash=sha256:b5df7341f54dbe1405a4450b2741207b4a8c279780402b45f87202b94dfc52b4
flax==0.9.0 --hash=sha256:12cd8f7162165ddd56877fb1cd9a4fcb47a31569e4c5343eeb59a36369fa2cfe
fsspec==2026.7.0 --hash=sha256:b57ddbafedfaef7018c1ecab32aa200a9d7ca26b77965f64e48b70061249d279
optax==0.2.3 --hash=sha256:083e603dcd731d7e74d99f71c12f77937dd53f79001b4c09c290e4f47dd2e94f
orbax-checkpoint==0.12.1 --hash=sha256:e123b4d6e5d9f9144bb9b5a1d88b1eddc81c71f8a12b07b995f61e0d3022b0f1
prometheus_client==0.26.0 --hash=sha256:fa93d06737aa02bacd05794768508bb97d2fbee28cb3bca04eaae92f0ca953d6
protobuf==7.35.1 --hash=sha256:11d6b0ec246892d85215b0a13ca6e0233cf5284b68f0ac02646427f4ff88a799 --hash=sha256:230a75ddfc2de4806e56696ce9640c1cdfdb6543b7cfce98d42a4c0a0e7bdb87 --hash=sha256:24f857477359a85c0c235261b8ba905fd51b2562f4a64ca1df5473f29850cbf6 --hash=sha256:353652e4efd0bca5b5fc2656abf8307ef351f0cf938c9eba09f0e09c20a25c30 --hash=sha256:4bc97768d8fe4ad6743c8a19403e314511ed9f6d13205b687e52421c023ac1b9 --hash=sha256:74758715c53d7158fb76caf4f0cfdacc5329a4b1bb994f865d6cf302d413a1c4 --hash=sha256:b73f9489a4b8b1c9cb1f8ed951c736392592edb24b9d6819f36d2e10b171d5b4
psutil==7.2.2 --hash=sha256:076a2d2f923fd4821644f5ba89f059523da90dc9014e85f8e45a5774ca5bc6f9 --hash=sha256:11fe5a4f613759764e79c65cf11ebdf26e33d6dd34336f8a337aa2996d71c841 --hash=sha256:1a571f2330c966c62aeda00dd24620425d4b0cc86881c89861fbc04549e5dc63 --hash=sha256:1a7b04c10f32cc88ab39cbf606e117fd74721c831c98a27dc04578deb0c16979 --hash=sha256:1fa4ecf83bcdf6e6c8f4449aff98eefb5d0604bf88cb883d7da3d8d2d909546a --hash=sha256:2edccc433cbfa046b980b0df0171cd25bcaeb3a68fe9022db0979e7aa74a826b --hash=sha256:7b6d09433a10592ce39b13d7be5a54fbac1d1228ed29abc880fb23df7cb694c9 --hash=sha256:8c233660f575a5a89e6d4cb65d9f938126312bca76d8fe087b947b3a1aaac9ee --hash=sha256:917e891983ca3c1887b4ef36447b1e0873e70c933afc831c6b6da078ba474312 --hash=sha256:ab486563df44c17f5173621c7b198955bd6b613fb87c71c161f827d3fb149a9b --hash=sha256:ae0aefdd8796a7737eccea863f80f81e468a1e4cf14d926bd9b6f5f2d5f90ca9 --hash=sha256:b0726cecd84f9474419d67252add4ac0cd9811b04d61123054b9fb6f57df6e9e --hash=sha256:b58fabe35e80b264a4e3bb23e6b96f9e45a3df7fb7eed419ac0e5947c61e47cc --hash=sha256:c7663d4e37f13e884d13994247449e9f8f574bc4655d509c3b95e9ec9e2b9dc1 --hash=sha256:e452c464a02e7dc7822a05d25db4cde564444a67e58539a00f929c51eddda0cf --hash=sha256:e78c8603dcd9a04c7364f1a3e670cea95d51ee865e4efb3556a3a63adef958ea --hash=sha256:eb7e81434c8d223ec4a219b5fc1c47d0417b12be7ea866e24fb5ad6e84b3d988 --hash=sha256:ed0cace939114f62738d808fdcecd4c869222507e266e574799e9c0faa17d486 --hash=sha256:eed63d3b4d62449571547b60578c5b2c4bcccc5387148db46e0c2313dad0ee00 --hash=sha256:fd04ef36b4a6d599bbdb225dd1d3f51e00105f6d48a28f006da7f9822f2606d8
simplejson==4.1.1 --hash=sha256:036a27bd0469b9d79557cbddb392969f876cd7f278cfbd0fba81534927a06575 --hash=sha256:0662cfe0482c9796bd097213b27f006815bfdc9b671264c3c0b7fc0e72b71d00 --hash=sha256:0da5c9f57206ee7ef280ff7f1d924937b0a64f9a271a5ef371a2ecdbebba7421 --hash=sha256:0e4b23f71dd781f8830f1663dc01a4944d3dbf87a1f93d78fba1cf64722d0ccf --hash=sha256:10048ab9b9e0f7e95f1680829f0925a63b190fa8e8e9bb91369538fe382df827 --hash=sha256:104d8324c34f25b4b90800bc5fa363780cbc3d8496aef061cba7ce1af9162270 --hash=sha256:110a14b2702e9fa01d13d510b66bcf823c9ddd700bd0050301bfbd1bcdf95991 --hash=sha256:112b37ba2ff805da9e657c05b4ffa1a7428eaa191918af106dfacc5ab70663d4 --hash=sha256:14465703aa66668cc1b697ec834c4d1566b72464f92d3ba4cb00ecd2c4438b2d --hash=sha256:1778e09a6e4bb4ef304627915dc4a838569d9e6b737c787925b4e98244bbbc16 --hash=sha256:19040a17154dc03d289bab68d73ce0a6a0be01de30c584bbdd93490bead14b22 --hash=sha256:1ad45da7462afc3dc4a0fe374a40b62f816821b046297b4acc670e641e45cc8d --hash=sha256:21d1b82f5d58f776a184a42bdf5ce4a6d7c36191a917131c577b41019f6b7daf --hash=sha256:225c9caa324c5b554d009fb9cac22aee7711e71bd96f487938c659af467e828e --hash=sha256:249e2e220aa6d9b9d936bde84eb7bf79d5b6c5a8273c6e411f8b1635a9073f2d --hash=sha256:25773dbc326799824767d40921e88a8f07c5bf1a0738884fb16cab574610aa28 --hash=sha256:2669ff10c7090ae9099afa9f7ae3a8c1a5170e78f18c7011dd8d5ce73beba6c0 --hash=sha256:2785ff8edc0e28bf773a32543a6bbed46351453c997b3f6709c744e3c2f7eabb --hash=sha256:2867c64d92abd1992c15666fae198203093f593e43d6b81adf176bae530d493a --hash=sha256:2ce92b3748f02423e26d2bfb636fb9d7a8f67c8f5854dcae69d350d123b2eee2 --hash=sha256:2e0d5ead6d14610467ec356ec1f6b5d8a56aa216abaad8d41c8b873b16cf313f --hash=sha256:2e708d373a10e4378ef2d59f8361850c7150fd907ed49efe49bc5492160476d1 --hash=sha256:30944f06a9c0787a8c69d8295b3abc960161f08b5ce26d41be88d2bc5539ea3c --hash=sha256:3427a069695405658b2270989d9e6f03f39e34a24d1b8548b562abc282ee400b --hash=sha256:37233c72ce88d06acb92747347742b3c07871eba6789f060c179c9302dde8efe --hash=sha256:3851658d642c1184d2023f0e6c9ce44a21eb1629e74e7c84ef956b128841fe12 --hash=sha256:39e3c584071dced8c21b4689f0254303521daeb9b5bc1f4289755d71fa3cb0d3 --hash=sha256:42ee1aeaa295364bb2c079c42c5796bf1db4b0d5c4bf95f2fcdddba770618cb4 --hash=sha256:43fa9a1ccf477e415c025ba507ada54984f5ed927d28d304cf50e089818818b0 --hash=sha256:4484960512db9c8124bfa91e0d8a9f9c302338f1c5454e74c21d7d022df10f46 --hash=sha256:453a25bcad03b1ec4584998c58c27c5eb54148e13bcbf49b796f953048349c78 --hash=sha256:45ec18e337fec538b7e902d489505c450b2454653d1290f3f50385e6fd8aa607 --hash=sha256:4c1eecc2d6a186eaf5d111cf9b311fa9a9ecf68703db7b63ed5938049f3e74f5 --hash=sha256:4c44ef6b02a4eb67ed17a72342341792149b3ff46f15426c26e970e49addf327 --hash=sha256:4c47c46e16c8ea9e4850061e6ed5aa2b9cd2074cb2274bfd9c138cba15ce7453 --hash=sha256:4cbb299d0528ec0447fe366d8c9641860e28f997a62730690fef905f1f41046e --hash=sha256:5f09293dc60ca29b4d588583f0423863d1e9faa0074fdbf00a9955ecc6365331 --hash=sha256:604b8d73f396078c122f696c2fa5f3527a00667633863560096180baf1356257 --hash=sha256:617e36ae79f4d53c91a4aec95eb09c469ef28fdec7926821254505a1de920e3f --hash=sha256:63a5451f557d6be48a231bae932458655c620902b868170b2f1c8afed496f6b4 --hash=sha256:63c2ada8e58f266491f19eed2eeeb7c25c6141e52f8f9e820f6bb94156cf8dbc --hash=sha256:642cec364e0676e2d5a73fa4d31d0c7c55886997caa2fde24e8292ca44d32728 --hash=sha256:67341c95c0a168ab4a6d1e807e50463f1c8da932c3286d81e201266c427061fa --hash=sha256:677fbb192b2cbefb3dc21862eaf0bf560b4b370662503036c513f1e3eb32dfac --hash=sha256:67e43e7c0555e10de6d83e1408035652fad28c983516e38c4e3a9a748c9af129 --hash=sha256:68e62eda21192c5ea9bb92d571ca46a4477fef48762f50d433de2b4253051551 --hash=sha256:6bbc61cd7982ff77a68df06d103a3ba459eefd1d3cb6f4f4944cdf9f091d7bf7 --hash=sha256:6c845363eb5fd166fb7c72243da38f4fcfde666ede7fdf2cc6fd7762894626f7 --hash=sha256:76fe296ca1df23d290033f10aaacf534fd1b3e3007e7f9ff8aa68b21413aaa78 --hash=sha256:78a3fe0995be42bed62a26aa78e0e0b4d87c6545785346b9cc898f3389569a35 --hash=sha256:797ad726434bf23c47a1e51140b6d1afb35471984c8fd31db76ba375fc0a296d --hash=sha256:7c0573d7370232d71616653080e397df61d4daf1cd7d6a717f23fd21eda90731 --hash=sha256:7ce252b28fddbdd83db5bd7d93dad2a8a591d7ada098afec9c1b23d6b722a7a4 --hash=sha256:7f61eefab86235c800e7f4e37d977080ec424bb2bf0b74e95a2d17ecb48eac0a --hash=sha256:820c69a4710400e9b248d5670647d60be58824369282d3925e516b3ff1a7cd82 --hash=sha256:82bfca2b85a34178c25829c703f0a9e9f113a5af7539285bd3efb583a0bf1ba3 --hash=sha256:82e42ff58ee856f4029c732d35673dbe62d589445a8e6c3c98ced8fd78096617 --hash=sha256:82fee635d7b73ad801030b05a75fbd34a098da0c2ecf600667a03636d09e1e42 --hash=sha256:861e393260508efa64d8805a8e49c416c3484907e3f146ce966c69552b49b9a3 --hash=sha256:8b2da172a6ff43f74463522a1aa1d7a481ac2dba2de4b18ed51e989190352ba7 --hash=sha256:8e5cdd6a5d52299f345c15ab5678cc4249e24f383f361d986afbc3c7072a6b6b --hash=sha256:8eb821ef27f688f59ed4a93b17a666a7ebacf8dd65fecaa2b3c531a3aea62eaf --hash=sha256:8f0ad25b7dc4e0fb23858355819f2e994f1a5badcdcde8737eac7921c2f1ed2a --hash=sha256:93bf6653420258372444de90194dab8de8ff13d74b5d4263a5fefbbe8b8d2060 --hash=sha256:95407269340c7f22f09776ea7b717a52cf56cfcf119b5e45f66faa4a26445bea --hash=sha256:95a3bb0f78e85f4937f99092239f2011ce06f0f2d803df5c299cc05abbeae008 --hash=sha256:971aed0647ad6e840a3943bec812fcda5f2d26a5497a4981d1fb49aa4f9a396c --hash=sha256:97a02325a00617c26cfc974f4ebb191c8de6e87cb96d33e51612091150637c3d --hash=sha256:980fc33353f81fd12d8c49d44f8c2760d1dc8192285e627c5180d141035b228a --hash=sha256:a59ebd0533f03fd06ff0c42ba0f02d93cbcdd7944922bf3b93911327a95b901f --hash=sha256:a6525ec733f43d0541206cffa64fd2aad5a7ae3eb76566aff49cd4db6382209a --hash=sha256:a94ebaecdbaa80d9551a3ec6bf0c9302fc8b53ab6c1b2bfd498a1df4cb28158d --hash=sha256:a9ab55d2459f6d0fdf9984a7a0fb0280dae12979f4fcc3171f5096a4fcf5fafe --hash=sha256:b70bfd2f67f3351baba08aa3ae9233c83f21fd95ae5e6b3d0ecb8c647929112f --hash=sha256:b75c7ef874dbb350f41827cdf3cee23f5257bdcb0df46d4c01b34badb62dcfe8 --hash=sha256:bbfdaa7c0603f75b7b14b211b7f2be44696d4e26833ad2d91d5c87bf5fb9a920 --hash=sha256:bccbf4419676b517939852e5aeff2af6aee4dc046881c67a1581fa6f1cb01abd --hash=sha256:c65c763fb20d7ca113c1c14dce2fc04a0fc3a57aceff533d6fdac707c7bffb40 --hash=sha256:c7494c75b95171194f965ea609e97081837a26494d91dcc046ad27dd9c3503e2 --hash=sha256:c7876ec2ef53ff5e6714a382b3f8f042a744b944728ae0baef99421740cc57a3 --hash=sha256:c996a4d38290c515af347740659ce095b425449c164a5c9fa3977caa6eff5dbe --hash=sha256:cc0442dea71cd9cbf30a0b8b9929ab5aa6c02c0443a3d977351e6ec5bada4388 --hash=sha256:d083b89d30948a751d3d97476c2ed91e4caaa24a1a1459bdbadb8876242c71fe --hash=sha256:d1fffb56305c5b475ee746cf9e04f97423ba5aaacd292dc1255bd75b1d3b124b --hash=sha256:d75cea7a1025edd7e439b2966b3d977c45b5b899e2adaf422811b3ac702ed9fb --hash=sha256:de2ed102fff88dacf543699f53ee3a533cc11539a39baa176b7e09dd783069d6 --hash=sha256:dfb84ace97acbdf1916c5a675387493fc5a7f67c2e15d4a7687143f8c73024d4 --hash=sha256:dff52fc7af272e84fc21cc5a06c927c823ca6ae00af14f3b0d7707b42775ed98 --hash=sha256:e2778625bd6c839588373f07d7ade6fc0fb6b8365a146b84f27edfadb13ab597 --hash=sha256:e294e33dbf316a9bbdd4030d46503c9b0f19470ae7ad6af5bae6c426bc2e869f --hash=sha256:e338a0029a0e8e4da2657b63a8df39b0269007dc9b506eadacca384519b2bd9c --hash=sha256:ea3426e786425d10e9e82f8a6eda74a7d6eb10d99165ac3d0d3bbcb65c0ea343 --hash=sha256:ed7473602b6625de793b6acba49aa949f144a475f538792067e4cf2fda2071f5 --hash=sha256:f42a7911f64ed8f738ba55480c20d5c685851781d411f9473cafa7a643e52fe4 --hash=sha256:ffd3d82294b47f5ec64050021ace95fd62628a0c1cc8bbf4d06d2d1fb697e055
tensorboardX==2.6.5 --hash=sha256:c10b891d00af306537cb8b58a039b2ba41571f0da06f433a41c4ca8d6abe1373
tensorstore==0.1.84 --hash=sha256:028455cccdc05c31f194048cf459a26669b26d38f0516caf9213e7219b1ee79a --hash=sha256:08e7ec5b35db5d4c4b6a867be8500448f9bd4e0c9d5a52d7f0b460650622baf6 --hash=sha256:0bd20de85c1b83dd3ca94db24e7bd449bdb055590a1b162b05691f6b81fff00f --hash=sha256:1b2ff5d5536a8a9b1596c51b9075cc9d40b4c4ea4e6cc03c0480111dbe5d956d --hash=sha256:340fe971f1808d7060f2273b8eee352780bcb65e5035f78163fa9b8930aa795a --hash=sha256:34352f8ba6e5efba5feb18917d68da1a92bbff80e64c3fd06d3d1af4b343821a --hash=sha256:3ace00cf2e45dc5d64fe3a10c2cbef61343915683808a10a3e081233566a7231 --hash=sha256:4096220f4b9a2411c3751597dd8ced2f671d7a217575613c915191e19d5ea150 --hash=sha256:4477eabe26e2f5131f1b1a3444cd9167fe69fabc29579eab8259d218399b9e6b --hash=sha256:4c9b084b0b44c36eaa9b9c51c3347474cd3c94fda12344fb507e6629357615bf --hash=sha256:50afb06c57a509091015af6a85da6f483a7f5ad0372284dd95d5513d877336e4 --hash=sha256:6103311700359e9f552e8560d16eecf1548b87e2f8a6a766b9f6a65c8722f879 --hash=sha256:64c8039558d5607b73903948fce058725731df410c5c196cf58b3fc6222395b5 --hash=sha256:70284a7225d94adad5989de7f9238638ec9fec2bdd8c0fdb86d567f16d59e615 --hash=sha256:7c9108ae6c29adc90b72ca267ba2b577386c5e410ea2f8e87eabce5ebdad327e --hash=sha256:8ae74451ab5cc8a0cd9e51926adf04f4dfdbd8ad5ac31ac71f1caa7bdfb2828d --hash=sha256:8ea53a851ea86aad3d99c14a790c85468d6324be14c7ac211f1f0265e8fab707 --hash=sha256:915371fc2c27540e8b69c573b7a06217fb8d161ec231cedfa9f3d264615a326d --hash=sha256:9337d96693b4a0e555fbe63bb228e3e2e681a80e4d371f351fb67810f197f74e --hash=sha256:97e767a64415297f019dd1e4b9af6a23d72e126e2a2d05cf41083253abe81428 --hash=sha256:98e10cae5b3fc0828967b8ddf36242b3b26ac8bc79880bc3e36346063259212a --hash=sha256:98edbc57d453ba8ebcf0d19bc28e4de6de95922bee2eca0805955b0833b8ce26 --hash=sha256:d7d01775985fcaa2b0f100349766a953c5086e92e746bf395e936151d4d8f9ac --hash=sha256:fe9bf1c7fef69884a91222179550f9b5ba6c1454f9534429221824d9b15c00ec
toolz==1.1.0 --hash=sha256:15ccc861ac51c53696de0a5d6d4607f99c210739caf987b5d2054f3efed429d8
